// !$*UTF8*$!
{
	archiveVersion = 1;
	classes = {
	};
	objectVersion = 56;
	objects = {

/* Begin PBXBuildFile section */
		C22D67A12A8E10B200B2C5EE /* StateMachineModel.swift in Sources */ = {isa = PBXBuildFile; fileRef = C22D67A02A8E10B200B2C5EE /* StateMachineModel.swift */; };
		C22D67A32A8E163F00B2C5EE /* stateMachineDescription-en_US.json in Resources */ = {isa = PBXBuildFile; fileRef = C22D67A22A8E163F00B2C5EE /* stateMachineDescription-en_US.json */; };
		C22D67A52A8E1E2C00B2C5EE /* Constants.swift in Sources */ = {isa = PBXBuildFile; fileRef = C22D67A42A8E1E2C00B2C5EE /* Constants.swift */; };
		C22D67AA2A8E595E00B2C5EE /* MainRouter.swift in Sources */ = {isa = PBXBuildFile; fileRef = C22D67A92A8E595E00B2C5EE /* MainRouter.swift */; };
		C22D67AC2A8E5D2100B2C5EE /* Router.swift in Sources */ = {isa = PBXBuildFile; fileRef = C22D67AB2A8E5D2100B2C5EE /* Router.swift */; };
		C2AE74AF2A8BC22B00C1341D /* AppDelegate.swift in Sources */ = {isa = PBXBuildFile; fileRef = C2AE74AE2A8BC22B00C1341D /* AppDelegate.swift */; };
		C2AE74B12A8BC22B00C1341D /* SceneDelegate.swift in Sources */ = {isa = PBXBuildFile; fileRef = C2AE74B02A8BC22B00C1341D /* SceneDelegate.swift */; };
		C2AE74B82A8BC22D00C1341D /* Assets.xcassets in Resources */ = {isa = PBXBuildFile; fileRef = C2AE74B72A8BC22D00C1341D /* Assets.xcassets */; };
		C2AE74BB2A8BC22D00C1341D /* LaunchScreen.storyboard in Resources */ = {isa = PBXBuildFile; fileRef = C2AE74B92A8BC22D00C1341D /* LaunchScreen.storyboard */; };
		C2AE74C62A8BC22D00C1341D /* Zupan_VoiceRecognitionTests.swift in Sources */ = {isa = PBXBuildFile; fileRef = C2AE74C52A8BC22D00C1341D /* Zupan_VoiceRecognitionTests.swift */; };
		C2AE74D02A8BC22D00C1341D /* Zupan_VoiceRecognitionUITests.swift in Sources */ = {isa = PBXBuildFile; fileRef = C2AE74CF2A8BC22D00C1341D /* Zupan_VoiceRecognitionUITests.swift */; };
		C2AE74D22A8BC22D00C1341D /* Zupan_VoiceRecognitionUITestsLaunchTests.swift in Sources */ = {isa = PBXBuildFile; fileRef = C2AE74D12A8BC22D00C1341D /* Zupan_VoiceRecognitionUITestsLaunchTests.swift */; };
		C2AE74DF2A8BCB9200C1341D /* SpeechRecognizerProvider.swift in Sources */ = {isa = PBXBuildFile; fileRef = C2AE74DE2A8BCB9200C1341D /* SpeechRecognizerProvider.swift */; };
		C2AE74E72A8BCC8900C1341D /* MainViewController.swift in Sources */ = {isa = PBXBuildFile; fileRef = C2AE74E62A8BCC8900C1341D /* MainViewController.swift */; };
		C2AE74EA2A8CC79200C1341D /* SpeechToCommandManager.swift in Sources */ = {isa = PBXBuildFile; fileRef = C2AE74E92A8CC79200C1341D /* SpeechToCommandManager.swift */; };
		C2AE74EC2A8CE07B00C1341D /* SpeechToCommandInput.swift in Sources */ = {isa = PBXBuildFile; fileRef = C2AE74EB2A8CE07B00C1341D /* SpeechToCommandInput.swift */; };
		C2AE74EE2A8D14CD00C1341D /* AnyPublisher+Extensions.swift in Sources */ = {isa = PBXBuildFile; fileRef = C2AE74ED2A8D14CD00C1341D /* AnyPublisher+Extensions.swift */; };
/* End PBXBuildFile section */

/* Begin PBXContainerItemProxy section */
		C2AE74C22A8BC22D00C1341D /* PBXContainerItemProxy */ = {
			isa = PBXContainerItemProxy;
			containerPortal = C2AE74A32A8BC22B00C1341D /* Project object */;
			proxyType = 1;
			remoteGlobalIDString = C2AE74AA2A8BC22B00C1341D;
			remoteInfo = "Zupan-VoiceRecognition";
		};
		C2AE74CC2A8BC22D00C1341D /* PBXContainerItemProxy */ = {
			isa = PBXContainerItemProxy;
			containerPortal = C2AE74A32A8BC22B00C1341D /* Project object */;
			proxyType = 1;
			remoteGlobalIDString = C2AE74AA2A8BC22B00C1341D;
			remoteInfo = "Zupan-VoiceRecognition";
		};
/* End PBXContainerItemProxy section */

/* Begin PBXFileReference section */
		C22D67A02A8E10B200B2C5EE /* StateMachineModel.swift */ = {isa = PBXFileReference; lastKnownFileType = sourcecode.swift; path = StateMachineModel.swift; sourceTree = "<group>"; };
		C22D67A22A8E163F00B2C5EE /* stateMachineDescription-en_US.json */ = {isa = PBXFileReference; lastKnownFileType = text.json; path = "stateMachineDescription-en_US.json"; sourceTree = "<group>"; };
		C22D67A42A8E1E2C00B2C5EE /* Constants.swift */ = {isa = PBXFileReference; lastKnownFileType = sourcecode.swift; path = Constants.swift; sourceTree = "<group>"; };
		C22D67A92A8E595E00B2C5EE /* MainRouter.swift */ = {isa = PBXFileReference; lastKnownFileType = sourcecode.swift; path = MainRouter.swift; sourceTree = "<group>"; };
		C22D67AB2A8E5D2100B2C5EE /* Router.swift */ = {isa = PBXFileReference; lastKnownFileType = sourcecode.swift; path = Router.swift; sourceTree = "<group>"; };
		C2AE74AB2A8BC22B00C1341D /* Zupan-VoiceRecognition.app */ = {isa = PBXFileReference; explicitFileType = wrapper.application; includeInIndex = 0; path = "Zupan-VoiceRecognition.app"; sourceTree = BUILT_PRODUCTS_DIR; };
		C2AE74AE2A8BC22B00C1341D /* AppDelegate.swift */ = {isa = PBXFileReference; lastKnownFileType = sourcecode.swift; path = AppDelegate.swift; sourceTree = "<group>"; };
		C2AE74B02A8BC22B00C1341D /* SceneDelegate.swift */ = {isa = PBXFileReference; lastKnownFileType = sourcecode.swift; path = SceneDelegate.swift; sourceTree = "<group>"; };
		C2AE74B72A8BC22D00C1341D /* Assets.xcassets */ = {isa = PBXFileReference; lastKnownFileType = folder.assetcatalog; path = Assets.xcassets; sourceTree = "<group>"; };
		C2AE74BA2A8BC22D00C1341D /* Base */ = {isa = PBXFileReference; lastKnownFileType = file.storyboard; name = Base; path = Base.lproj/LaunchScreen.storyboard; sourceTree = "<group>"; };
		C2AE74BC2A8BC22D00C1341D /* Info.plist */ = {isa = PBXFileReference; lastKnownFileType = text.plist.xml; path = Info.plist; sourceTree = "<group>"; };
		C2AE74C12A8BC22D00C1341D /* Zupan-VoiceRecognitionTests.xctest */ = {isa = PBXFileReference; explicitFileType = wrapper.cfbundle; includeInIndex = 0; path = "Zupan-VoiceRecognitionTests.xctest"; sourceTree = BUILT_PRODUCTS_DIR; };
		C2AE74C52A8BC22D00C1341D /* Zupan_VoiceRecognitionTests.swift */ = {isa = PBXFileReference; lastKnownFileType = sourcecode.swift; path = Zupan_VoiceRecognitionTests.swift; sourceTree = "<group>"; };
		C2AE74CB2A8BC22D00C1341D /* Zupan-VoiceRecognitionUITests.xctest */ = {isa = PBXFileReference; explicitFileType = wrapper.cfbundle; includeInIndex = 0; path = "Zupan-VoiceRecognitionUITests.xctest"; sourceTree = BUILT_PRODUCTS_DIR; };
		C2AE74CF2A8BC22D00C1341D /* Zupan_VoiceRecognitionUITests.swift */ = {isa = PBXFileReference; lastKnownFileType = sourcecode.swift; path = Zupan_VoiceRecognitionUITests.swift; sourceTree = "<group>"; };
		C2AE74D12A8BC22D00C1341D /* Zupan_VoiceRecognitionUITestsLaunchTests.swift */ = {isa = PBXFileReference; lastKnownFileType = sourcecode.swift; path = Zupan_VoiceRecognitionUITestsLaunchTests.swift; sourceTree = "<group>"; };
		C2AE74DE2A8BCB9200C1341D /* SpeechRecognizerProvider.swift */ = {isa = PBXFileReference; lastKnownFileType = sourcecode.swift; path = SpeechRecognizerProvider.swift; sourceTree = "<group>"; };
		C2AE74E62A8BCC8900C1341D /* MainViewController.swift */ = {isa = PBXFileReference; lastKnownFileType = sourcecode.swift; path = MainViewController.swift; sourceTree = "<group>"; };
		C2AE74E92A8CC79200C1341D /* SpeechToCommandManager.swift */ = {isa = PBXFileReference; lastKnownFileType = sourcecode.swift; path = SpeechToCommandManager.swift; sourceTree = "<group>"; };
		C2AE74EB2A8CE07B00C1341D /* SpeechToCommandInput.swift */ = {isa = PBXFileReference; lastKnownFileType = sourcecode.swift; path = SpeechToCommandInput.swift; sourceTree = "<group>"; };
		C2AE74ED2A8D14CD00C1341D /* AnyPublisher+Extensions.swift */ = {isa = PBXFileReference; lastKnownFileType = sourcecode.swift; path = "AnyPublisher+Extensions.swift"; sourceTree = "<group>"; };
/* End PBXFileReference section */

/* Begin PBXFrameworksBuildPhase section */
		C2AE74A82A8BC22B00C1341D /* Frameworks */ = {
			isa = PBXFrameworksBuildPhase;
			buildActionMask = 2147483647;
			files = (
			);
			runOnlyForDeploymentPostprocessing = 0;
		};
		C2AE74BE2A8BC22D00C1341D /* Frameworks */ = {
			isa = PBXFrameworksBuildPhase;
			buildActionMask = 2147483647;
			files = (
			);
			runOnlyForDeploymentPostprocessing = 0;
		};
		C2AE74C82A8BC22D00C1341D /* Frameworks */ = {
			isa = PBXFrameworksBuildPhase;
			buildActionMask = 2147483647;
			files = (
			);
			runOnlyForDeploymentPostprocessing = 0;
		};
/* End PBXFrameworksBuildPhase section */

/* Begin PBXGroup section */
		C22D67A62A8E57E800B2C5EE /* Services */ = {
			isa = PBXGroup;
			children = (
				C2AE74DE2A8BCB9200C1341D /* SpeechRecognizerProvider.swift */,
				C2AE74E92A8CC79200C1341D /* SpeechToCommandManager.swift */,
			);
			path = Services;
			sourceTree = "<group>";
		};
		C2AE74A22A8BC22B00C1341D = {
			isa = PBXGroup;
			children = (
				C2AE74AD2A8BC22B00C1341D /* Zupan-VoiceRecognition */,
				C2AE74C42A8BC22D00C1341D /* Zupan-VoiceRecognitionTests */,
				C2AE74CE2A8BC22D00C1341D /* Zupan-VoiceRecognitionUITests */,
				C2AE74AC2A8BC22B00C1341D /* Products */,
			);
			sourceTree = "<group>";
		};
		C2AE74AC2A8BC22B00C1341D /* Products */ = {
			isa = PBXGroup;
			children = (
				C2AE74AB2A8BC22B00C1341D /* Zupan-VoiceRecognition.app */,
				C2AE74C12A8BC22D00C1341D /* Zupan-VoiceRecognitionTests.xctest */,
				C2AE74CB2A8BC22D00C1341D /* Zupan-VoiceRecognitionUITests.xctest */,
			);
			name = Products;
			sourceTree = "<group>";
		};
		C2AE74AD2A8BC22B00C1341D /* Zupan-VoiceRecognition */ = {
			isa = PBXGroup;
			children = (
				C2AE74AE2A8BC22B00C1341D /* AppDelegate.swift */,
				C2AE74B02A8BC22B00C1341D /* SceneDelegate.swift */,
				C22D67A92A8E595E00B2C5EE /* MainRouter.swift */,
				C2AE74EF2A8D153600C1341D /* Extensions */,
				C2AE74E02A8BCBC100C1341D /* Model */,
				C22D67A62A8E57E800B2C5EE /* Services */,
				C2AE74E32A8BCBE300C1341D /* Resources */,
				C2AE74E52A8BCC0600C1341D /* ViewController */,
				C2AE74E42A8BCBFE00C1341D /* Views */,
				C2AE74B92A8BC22D00C1341D /* LaunchScreen.storyboard */,
				C2AE74BC2A8BC22D00C1341D /* Info.plist */,
			);
			path = "Zupan-VoiceRecognition";
			sourceTree = "<group>";
		};
		C2AE74C42A8BC22D00C1341D /* Zupan-VoiceRecognitionTests */ = {
			isa = PBXGroup;
			children = (
				C2AE74C52A8BC22D00C1341D /* Zupan_VoiceRecognitionTests.swift */,
			);
			path = "Zupan-VoiceRecognitionTests";
			sourceTree = "<group>";
		};
		C2AE74CE2A8BC22D00C1341D /* Zupan-VoiceRecognitionUITests */ = {
			isa = PBXGroup;
			children = (
				C2AE74CF2A8BC22D00C1341D /* Zupan_VoiceRecognitionUITests.swift */,
				C2AE74D12A8BC22D00C1341D /* Zupan_VoiceRecognitionUITestsLaunchTests.swift */,
			);
			path = "Zupan-VoiceRecognitionUITests";
			sourceTree = "<group>";
		};
		C2AE74E02A8BCBC100C1341D /* Model */ = {
			isa = PBXGroup;
			children = (
				C2AE74EB2A8CE07B00C1341D /* SpeechToCommandInput.swift */,
				C22D67A02A8E10B200B2C5EE /* StateMachineModel.swift */,
				C22D67AB2A8E5D2100B2C5EE /* Router.swift */,
			);
			path = Model;
			sourceTree = "<group>";
		};
		C2AE74E32A8BCBE300C1341D /* Resources */ = {
			isa = PBXGroup;
			children = (
				C2AE74B72A8BC22D00C1341D /* Assets.xcassets */,
				C22D67A22A8E163F00B2C5EE /* stateMachineDescription-en_US.json */,
				C22D67A42A8E1E2C00B2C5EE /* Constants.swift */,
			);
			path = Resources;
			sourceTree = "<group>";
		};
		C2AE74E42A8BCBFE00C1341D /* Views */ = {
			isa = PBXGroup;
			children = (
			);
			path = Views;
			sourceTree = "<group>";
		};
		C2AE74E52A8BCC0600C1341D /* ViewController */ = {
			isa = PBXGroup;
			children = (
				C2AE74E62A8BCC8900C1341D /* MainViewController.swift */,
			);
			path = ViewController;
			sourceTree = "<group>";
		};
		C2AE74EF2A8D153600C1341D /* Extensions */ = {
			isa = PBXGroup;
			children = (
				C2AE74ED2A8D14CD00C1341D /* AnyPublisher+Extensions.swift */,
			);
			path = Extensions;
			sourceTree = "<group>";
		};
/* End PBXGroup section */

/* Begin PBXNativeTarget section */
		C2AE74AA2A8BC22B00C1341D /* Zupan-VoiceRecognition */ = {
			isa = PBXNativeTarget;
			buildConfigurationList = C2AE74D52A8BC22D00C1341D /* Build configuration list for PBXNativeTarget "Zupan-VoiceRecognition" */;
			buildPhases = (
				C2AE74A72A8BC22B00C1341D /* Sources */,
				C2AE74A82A8BC22B00C1341D /* Frameworks */,
				C2AE74A92A8BC22B00C1341D /* Resources */,
			);
			buildRules = (
			);
			dependencies = (
			);
			name = "Zupan-VoiceRecognition";
			productName = "Zupan-VoiceRecognition";
			productReference = C2AE74AB2A8BC22B00C1341D /* Zupan-VoiceRecognition.app */;
			productType = "com.apple.product-type.application";
		};
		C2AE74C02A8BC22D00C1341D /* Zupan-VoiceRecognitionTests */ = {
			isa = PBXNativeTarget;
			buildConfigurationList = C2AE74D82A8BC22D00C1341D /* Build configuration list for PBXNativeTarget "Zupan-VoiceRecognitionTests" */;
			buildPhases = (
				C2AE74BD2A8BC22D00C1341D /* Sources */,
				C2AE74BE2A8BC22D00C1341D /* Frameworks */,
				C2AE74BF2A8BC22D00C1341D /* Resources */,
			);
			buildRules = (
			);
			dependencies = (
				C2AE74C32A8BC22D00C1341D /* PBXTargetDependency */,
			);
			name = "Zupan-VoiceRecognitionTests";
			productName = "Zupan-VoiceRecognitionTests";
			productReference = C2AE74C12A8BC22D00C1341D /* Zupan-VoiceRecognitionTests.xctest */;
			productType = "com.apple.product-type.bundle.unit-test";
		};
		C2AE74CA2A8BC22D00C1341D /* Zupan-VoiceRecognitionUITests */ = {
			isa = PBXNativeTarget;
			buildConfigurationList = C2AE74DB2A8BC22D00C1341D /* Build configuration list for PBXNativeTarget "Zupan-VoiceRecognitionUITests" */;
			buildPhases = (
				C2AE74C72A8BC22D00C1341D /* Sources */,
				C2AE74C82A8BC22D00C1341D /* Frameworks */,
				C2AE74C92A8BC22D00C1341D /* Resources */,
			);
			buildRules = (
			);
			dependencies = (
				C2AE74CD2A8BC22D00C1341D /* PBXTargetDependency */,
			);
			name = "Zupan-VoiceRecognitionUITests";
			productName = "Zupan-VoiceRecognitionUITests";
			productReference = C2AE74CB2A8BC22D00C1341D /* Zupan-VoiceRecognitionUITests.xctest */;
			productType = "com.apple.product-type.bundle.ui-testing";
		};
/* End PBXNativeTarget section */

/* Begin PBXProject section */
		C2AE74A32A8BC22B00C1341D /* Project object */ = {
			isa = PBXProject;
			attributes = {
				BuildIndependentTargetsInParallel = 1;
				LastSwiftUpdateCheck = 1410;
				LastUpgradeCheck = 1410;
				TargetAttributes = {
					C2AE74AA2A8BC22B00C1341D = {
						CreatedOnToolsVersion = 14.1;
					};
					C2AE74C02A8BC22D00C1341D = {
						CreatedOnToolsVersion = 14.1;
						TestTargetID = C2AE74AA2A8BC22B00C1341D;
					};
					C2AE74CA2A8BC22D00C1341D = {
						CreatedOnToolsVersion = 14.1;
						TestTargetID = C2AE74AA2A8BC22B00C1341D;
					};
				};
			};
			buildConfigurationList = C2AE74A62A8BC22B00C1341D /* Build configuration list for PBXProject "Zupan-VoiceRecognition" */;
			compatibilityVersion = "Xcode 14.0";
			developmentRegion = en;
			hasScannedForEncodings = 0;
			knownRegions = (
				en,
				Base,
			);
			mainGroup = C2AE74A22A8BC22B00C1341D;
			productRefGroup = C2AE74AC2A8BC22B00C1341D /* Products */;
			projectDirPath = "";
			projectRoot = "";
			targets = (
				C2AE74AA2A8BC22B00C1341D /* Zupan-VoiceRecognition */,
				C2AE74C02A8BC22D00C1341D /* Zupan-VoiceRecognitionTests */,
				C2AE74CA2A8BC22D00C1341D /* Zupan-VoiceRecognitionUITests */,
			);
		};
/* End PBXProject section */

/* Begin PBXResourcesBuildPhase section */
		C2AE74A92A8BC22B00C1341D /* Resources */ = {
			isa = PBXResourcesBuildPhase;
			buildActionMask = 2147483647;
			files = (
				C2AE74BB2A8BC22D00C1341D /* LaunchScreen.storyboard in Resources */,
				C22D67A32A8E163F00B2C5EE /* stateMachineDescription-en_US.json in Resources */,
				C2AE74B82A8BC22D00C1341D /* Assets.xcassets in Resources */,
			);
			runOnlyForDeploymentPostprocessing = 0;
		};
		C2AE74BF2A8BC22D00C1341D /* Resources */ = {
			isa = PBXResourcesBuildPhase;
			buildActionMask = 2147483647;
			files = (
			);
			runOnlyForDeploymentPostprocessing = 0;
		};
		C2AE74C92A8BC22D00C1341D /* Resources */ = {
			isa = PBXResourcesBuildPhase;
			buildActionMask = 2147483647;
			files = (
			);
			runOnlyForDeploymentPostprocessing = 0;
		};
/* End PBXResourcesBuildPhase section */

/* Begin PBXSourcesBuildPhase section */
		C2AE74A72A8BC22B00C1341D /* Sources */ = {
			isa = PBXSourcesBuildPhase;
			buildActionMask = 2147483647;
			files = (
				C22D67AC2A8E5D2100B2C5EE /* Router.swift in Sources */,
				C2AE74AF2A8BC22B00C1341D /* AppDelegate.swift in Sources */,
				C2AE74B12A8BC22B00C1341D /* SceneDelegate.swift in Sources */,
				C2AE74DF2A8BCB9200C1341D /* SpeechRecognizerProvider.swift in Sources */,
				C22D67AA2A8E595E00B2C5EE /* MainRouter.swift in Sources */,
				C2AE74EA2A8CC79200C1341D /* SpeechToCommandManager.swift in Sources */,
				C2AE74E72A8BCC8900C1341D /* MainViewController.swift in Sources */,
				C22D67A12A8E10B200B2C5EE /* StateMachineModel.swift in Sources */,
				C2AE74EE2A8D14CD00C1341D /* AnyPublisher+Extensions.swift in Sources */,
				C2AE74EC2A8CE07B00C1341D /* SpeechToCommandInput.swift in Sources */,
				C22D67A52A8E1E2C00B2C5EE /* Constants.swift in Sources */,
			);
			runOnlyForDeploymentPostprocessing = 0;
		};
		C2AE74BD2A8BC22D00C1341D /* Sources */ = {
			isa = PBXSourcesBuildPhase;
			buildActionMask = 2147483647;
			files = (
				C2AE74C62A8BC22D00C1341D /* Zupan_VoiceRecognitionTests.swift in Sources */,
			);
			runOnlyForDeploymentPostprocessing = 0;
		};
		C2AE74C72A8BC22D00C1341D /* Sources */ = {
			isa = PBXSourcesBuildPhase;
			buildActionMask = 2147483647;
			files = (
				C2AE74D22A8BC22D00C1341D /* Zupan_VoiceRecognitionUITestsLaunchTests.swift in Sources */,
				C2AE74D02A8BC22D00C1341D /* Zupan_VoiceRecognitionUITests.swift in Sources */,
			);
			runOnlyForDeploymentPostprocessing = 0;
		};
/* End PBXSourcesBuildPhase section */

/* Begin PBXTargetDependency section */
		C2AE74C32A8BC22D00C1341D /* PBXTargetDependency */ = {
			isa = PBXTargetDependency;
			target = C2AE74AA2A8BC22B00C1341D /* Zupan-VoiceRecognition */;
			targetProxy = C2AE74C22A8BC22D00C1341D /* PBXContainerItemProxy */;
		};
		C2AE74CD2A8BC22D00C1341D /* PBXTargetDependency */ = {
			isa = PBXTargetDependency;
			target = C2AE74AA2A8BC22B00C1341D /* Zupan-VoiceRecognition */;
			targetProxy = C2AE74CC2A8BC22D00C1341D /* PBXContainerItemProxy */;
		};
/* End PBXTargetDependency section */

/* Begin PBXVariantGroup section */
		C2AE74B92A8BC22D00C1341D /* LaunchScreen.storyboard */ = {
			isa = PBXVariantGroup;
			children = (
				C2AE74BA2A8BC22D00C1341D /* Base */,
			);
			name = LaunchScreen.storyboard;
			sourceTree = "<group>";
		};
/* End PBXVariantGroup section */

/* Begin XCBuildConfiguration section */
		C2AE74D32A8BC22D00C1341D /* Debug */ = {
			isa = XCBuildConfiguration;
			buildSettings = {
				ALWAYS_SEARCH_USER_PATHS = NO;
				CLANG_ANALYZER_NONNULL = YES;
				CLANG_ANALYZER_NUMBER_OBJECT_CONVERSION = YES_AGGRESSIVE;
				CLANG_CXX_LANGUAGE_STANDARD = "gnu++20";
				CLANG_ENABLE_MODULES = YES;
				CLANG_ENABLE_OBJC_ARC = YES;
				CLANG_ENABLE_OBJC_WEAK = YES;
				CLANG_WARN_BLOCK_CAPTURE_AUTORELEASING = YES;
				CLANG_WARN_BOOL_CONVERSION = YES;
				CLANG_WARN_COMMA = YES;
				CLANG_WARN_CONSTANT_CONVERSION = YES;
				CLANG_WARN_DEPRECATED_OBJC_IMPLEMENTATIONS = YES;
				CLANG_WARN_DIRECT_OBJC_ISA_USAGE = YES_ERROR;
				CLANG_WARN_DOCUMENTATION_COMMENTS = YES;
				CLANG_WARN_EMPTY_BODY = YES;
				CLANG_WARN_ENUM_CONVERSION = YES;
				CLANG_WARN_INFINITE_RECURSION = YES;
				CLANG_WARN_INT_CONVERSION = YES;
				CLANG_WARN_NON_LITERAL_NULL_CONVERSION = YES;
				CLANG_WARN_OBJC_IMPLICIT_RETAIN_SELF = YES;
				CLANG_WARN_OBJC_LITERAL_CONVERSION = YES;
				CLANG_WARN_OBJC_ROOT_CLASS = YES_ERROR;
				CLANG_WARN_QUOTED_INCLUDE_IN_FRAMEWORK_HEADER = YES;
				CLANG_WARN_RANGE_LOOP_ANALYSIS = YES;
				CLANG_WARN_STRICT_PROTOTYPES = YES;
				CLANG_WARN_SUSPICIOUS_MOVE = YES;
				CLANG_WARN_UNGUARDED_AVAILABILITY = YES_AGGRESSIVE;
				CLANG_WARN_UNREACHABLE_CODE = YES;
				CLANG_WARN__DUPLICATE_METHOD_MATCH = YES;
				COPY_PHASE_STRIP = NO;
				DEBUG_INFORMATION_FORMAT = dwarf;
				ENABLE_STRICT_OBJC_MSGSEND = YES;
				ENABLE_TESTABILITY = YES;
				GCC_C_LANGUAGE_STANDARD = gnu11;
				GCC_DYNAMIC_NO_PIC = NO;
				GCC_NO_COMMON_BLOCKS = YES;
				GCC_OPTIMIZATION_LEVEL = 0;
				GCC_PREPROCESSOR_DEFINITIONS = (
					"DEBUG=1",
					"$(inherited)",
				);
				GCC_WARN_64_TO_32_BIT_CONVERSION = YES;
				GCC_WARN_ABOUT_RETURN_TYPE = YES_ERROR;
				GCC_WARN_UNDECLARED_SELECTOR = YES;
				GCC_WARN_UNINITIALIZED_AUTOS = YES_AGGRESSIVE;
				GCC_WARN_UNUSED_FUNCTION = YES;
				GCC_WARN_UNUSED_VARIABLE = YES;
				IPHONEOS_DEPLOYMENT_TARGET = 16.1;
				MTL_ENABLE_DEBUG_INFO = INCLUDE_SOURCE;
				MTL_FAST_MATH = YES;
				ONLY_ACTIVE_ARCH = YES;
				SDKROOT = iphoneos;
				SWIFT_ACTIVE_COMPILATION_CONDITIONS = DEBUG;
				SWIFT_OPTIMIZATION_LEVEL = "-Onone";
			};
			name = Debug;
		};
		C2AE74D42A8BC22D00C1341D /* Release */ = {
			isa = XCBuildConfiguration;
			buildSettings = {
				ALWAYS_SEARCH_USER_PATHS = NO;
				CLANG_ANALYZER_NONNULL = YES;
				CLANG_ANALYZER_NUMBER_OBJECT_CONVERSION = YES_AGGRESSIVE;
				CLANG_CXX_LANGUAGE_STANDARD = "gnu++20";
				CLANG_ENABLE_MODULES = YES;
				CLANG_ENABLE_OBJC_ARC = YES;
				CLANG_ENABLE_OBJC_WEAK = YES;
				CLANG_WARN_BLOCK_CAPTURE_AUTORELEASING = YES;
				CLANG_WARN_BOOL_CONVERSION = YES;
				CLANG_WARN_COMMA = YES;
				CLANG_WARN_CONSTANT_CONVERSION = YES;
				CLANG_WARN_DEPRECATED_OBJC_IMPLEMENTATIONS = YES;
				CLANG_WARN_DIRECT_OBJC_ISA_USAGE = YES_ERROR;
				CLANG_WARN_DOCUMENTATION_COMMENTS = YES;
				CLANG_WARN_EMPTY_BODY = YES;
				CLANG_WARN_ENUM_CONVERSION = YES;
				CLANG_WARN_INFINITE_RECURSION = YES;
				CLANG_WARN_INT_CONVERSION = YES;
				CLANG_WARN_NON_LITERAL_NULL_CONVERSION = YES;
				CLANG_WARN_OBJC_IMPLICIT_RETAIN_SELF = YES;
				CLANG_WARN_OBJC_LITERAL_CONVERSION = YES;
				CLANG_WARN_OBJC_ROOT_CLASS = YES_ERROR;
				CLANG_WARN_QUOTED_INCLUDE_IN_FRAMEWORK_HEADER = YES;
				CLANG_WARN_RANGE_LOOP_ANALYSIS = YES;
				CLANG_WARN_STRICT_PROTOTYPES = YES;
				CLANG_WARN_SUSPICIOUS_MOVE = YES;
				CLANG_WARN_UNGUARDED_AVAILABILITY = YES_AGGRESSIVE;
				CLANG_WARN_UNREACHABLE_CODE = YES;
				CLANG_WARN__DUPLICATE_METHOD_MATCH = YES;
				COPY_PHASE_STRIP = NO;
				DEBUG_INFORMATION_FORMAT = "dwarf-with-dsym";
				ENABLE_NS_ASSERTIONS = NO;
				ENABLE_STRICT_OBJC_MSGSEND = YES;
				GCC_C_LANGUAGE_STANDARD = gnu11;
				GCC_NO_COMMON_BLOCKS = YES;
				GCC_WARN_64_TO_32_BIT_CONVERSION = YES;
				GCC_WARN_ABOUT_RETURN_TYPE = YES_ERROR;
				GCC_WARN_UNDECLARED_SELECTOR = YES;
				GCC_WARN_UNINITIALIZED_AUTOS = YES_AGGRESSIVE;
				GCC_WARN_UNUSED_FUNCTION = YES;
				GCC_WARN_UNUSED_VARIABLE = YES;
				IPHONEOS_DEPLOYMENT_TARGET = 16.1;
				MTL_ENABLE_DEBUG_INFO = NO;
				MTL_FAST_MATH = YES;
				SDKROOT = iphoneos;
				SWIFT_COMPILATION_MODE = wholemodule;
				SWIFT_OPTIMIZATION_LEVEL = "-O";
				VALIDATE_PRODUCT = YES;
			};
			name = Release;
		};
		C2AE74D62A8BC22D00C1341D /* Debug */ = {
			isa = XCBuildConfiguration;
			buildSettings = {
				ASSETCATALOG_COMPILER_APPICON_NAME = AppIcon;
				ASSETCATALOG_COMPILER_GLOBAL_ACCENT_COLOR_NAME = AccentColor;
				CODE_SIGN_STYLE = Automatic;
				CURRENT_PROJECT_VERSION = 1;
				DEVELOPMENT_TEAM = G42Z863W7H;
				GENERATE_INFOPLIST_FILE = YES;
				INFOPLIST_FILE = "Zupan-VoiceRecognition/Info.plist";
				INFOPLIST_KEY_NSMicrophoneUsageDescription = "Allow the app to use Microphone";
				INFOPLIST_KEY_NSSpeechRecognitionUsageDescription = "Allow the app to use ";
				INFOPLIST_KEY_UIApplicationSupportsIndirectInputEvents = YES;
				INFOPLIST_KEY_UILaunchStoryboardName = LaunchScreen;
				INFOPLIST_KEY_UISupportedInterfaceOrientations_iPad = "UIInterfaceOrientationPortrait UIInterfaceOrientationPortraitUpsideDown UIInterfaceOrientationLandscapeLeft UIInterfaceOrientationLandscapeRight";
				INFOPLIST_KEY_UISupportedInterfaceOrientations_iPhone = "UIInterfaceOrientationPortrait UIInterfaceOrientationLandscapeLeft UIInterfaceOrientationLandscapeRight";
				LD_RUNPATH_SEARCH_PATHS = (
					"$(inherited)",
					"@executable_path/Frameworks",
				);
				MARKETING_VERSION = 1.0;
				PRODUCT_BUNDLE_IDENTIFIER = "com.rodrigofranzoi.Zupan-VoiceRecognition";
				PRODUCT_NAME = "$(TARGET_NAME)";
				SWIFT_EMIT_LOC_STRINGS = YES;
				SWIFT_VERSION = 5.0;
				TARGETED_DEVICE_FAMILY = "1,2";
			};
			name = Debug;
		};
		C2AE74D72A8BC22D00C1341D /* Release */ = {
			isa = XCBuildConfiguration;
			buildSettings = {
				ASSETCATALOG_COMPILER_APPICON_NAME = AppIcon;
				ASSETCATALOG_COMPILER_GLOBAL_ACCENT_COLOR_NAME = AccentColor;
				CODE_SIGN_STYLE = Automatic;
				CURRENT_PROJECT_VERSION = 1;
				DEVELOPMENT_TEAM = G42Z863W7H;
				GENERATE_INFOPLIST_FILE = YES;
				INFOPLIST_FILE = "Zupan-VoiceRecognition/Info.plist";
				INFOPLIST_KEY_NSMicrophoneUsageDescription = "Allow the app to use Microphone";
				INFOPLIST_KEY_NSSpeechRecognitionUsageDescription = "Allow the app to use ";
				INFOPLIST_KEY_UIApplicationSupportsIndirectInputEvents = YES;
				INFOPLIST_KEY_UILaunchStoryboardName = LaunchScreen;
				INFOPLIST_KEY_UISupportedInterfaceOrientations_iPad = "UIInterfaceOrientationPortrait UIInterfaceOrientationPortraitUpsideDown UIInterfaceOrientationLandscapeLeft UIInterfaceOrientationLandscapeRight";
				INFOPLIST_KEY_UISupportedInterfaceOrientations_iPhone = "UIInterfaceOrientationPortrait UIInterfaceOrientationLandscapeLeft UIInterfaceOrientationLandscapeRight";
				LD_RUNPATH_SEARCH_PATHS = (
					"$(inherited)",
					"@executable_path/Frameworks",
				);
				MARKETING_VERSION = 1.0;
				PRODUCT_BUNDLE_IDENTIFIER = "com.rodrigofranzoi.Zupan-VoiceRecognition";
				PRODUCT_NAME = "$(TARGET_NAME)";
				SWIFT_EMIT_LOC_STRINGS = YES;
				SWIFT_VERSION = 5.0;
				TARGETED_DEVICE_FAMILY = "1,2";
			};
			name = Release;
		};
		C2AE74D92A8BC22D00C1341D /* Debug */ = {
			isa = XCBuildConfiguration;
			buildSettings = {
				ALWAYS_EMBED_SWIFT_STANDARD_LIBRARIES = YES;
				BUNDLE_LOADER = "$(TEST_HOST)";
				CODE_SIGN_STYLE = Automatic;
				CURRENT_PROJECT_VERSION = 1;
				DEVELOPMENT_TEAM = G42Z863W7H;
				GENERATE_INFOPLIST_FILE = YES;
				IPHONEOS_DEPLOYMENT_TARGET = 16.1;
				MARKETING_VERSION = 1.0;
				PRODUCT_BUNDLE_IDENTIFIER = "com.rodrigofranzoi.Zupan-VoiceRecognitionTests";
				PRODUCT_NAME = "$(TARGET_NAME)";
				SWIFT_EMIT_LOC_STRINGS = NO;
				SWIFT_VERSION = 5.0;
				TARGETED_DEVICE_FAMILY = "1,2";
				TEST_HOST = "$(BUILT_PRODUCTS_DIR)/Zupan-VoiceRecognition.app/$(BUNDLE_EXECUTABLE_FOLDER_PATH)/Zupan-VoiceRecognition";
			};
			name = Debug;
		};
		C2AE74DA2A8BC22D00C1341D /* Release */ = {
			isa = XCBuildConfiguration;
			buildSettings = {
				ALWAYS_EMBED_SWIFT_STANDARD_LIBRARIES = YES;
				BUNDLE_LOADER = "$(TEST_HOST)";
				CODE_SIGN_STYLE = Automatic;
				CURRENT_PROJECT_VERSION = 1;
				DEVELOPMENT_TEAM = G42Z863W7H;
				GENERATE_INFOPLIST_FILE = YES;
				IPHONEOS_DEPLOYMENT_TARGET = 16.1;
				MARKETING_VERSION = 1.0;
				PRODUCT_BUNDLE_IDENTIFIER = "com.rodrigofranzoi.Zupan-VoiceRecognitionTests";
				PRODUCT_NAME = "$(TARGET_NAME)";
				SWIFT_EMIT_LOC_STRINGS = NO;
				SWIFT_VERSION = 5.0;
				TARGETED_DEVICE_FAMILY = "1,2";
				TEST_HOST = "$(BUILT_PRODUCTS_DIR)/Zupan-VoiceRecognition.app/$(BUNDLE_EXECUTABLE_FOLDER_PATH)/Zupan-VoiceRecognition";
			};
			name = Release;
		};
		C2AE74DC2A8BC22D00C1341D /* Debug */ = {
			isa = XCBuildConfiguration;
			buildSettings = {
				ALWAYS_EMBED_SWIFT_STANDARD_LIBRARIES = YES;
				CODE_SIGN_STYLE = Automatic;
				CURRENT_PROJECT_VERSION = 1;
				DEVELOPMENT_TEAM = G42Z863W7H;
				GENERATE_INFOPLIST_FILE = YES;
				MARKETING_VERSION = 1.0;
				PRODUCT_BUNDLE_IDENTIFIER = "com.rodrigofranzoi.Zupan-VoiceRecognitionUITests";
				PRODUCT_NAME = "$(TARGET_NAME)";
				SWIFT_EMIT_LOC_STRINGS = NO;
				SWIFT_VERSION = 5.0;
				TARGETED_DEVICE_FAMILY = "1,2";
				TEST_TARGET_NAME = "Zupan-VoiceRecognition";
			};
			name = Debug;
		};
		C2AE74DD2A8BC22D00C1341D /* Release */ = {
			isa = XCBuildConfiguration;
			buildSettings = {
				ALWAYS_EMBED_SWIFT_STANDARD_LIBRARIES = YES;
				CODE_SIGN_STYLE = Automatic;
				CURRENT_PROJECT_VERSION = 1;
				DEVELOPMENT_TEAM = G42Z863W7H;
				GENERATE_INFOPLIST_FILE = YES;
				MARKETING_VERSION = 1.0;
				PRODUCT_BUNDLE_IDENTIFIER = "com.rodrigofranzoi.Zupan-VoiceRecognitionUITests";
				PRODUCT_NAME = "$(TARGET_NAME)";
				SWIFT_EMIT_LOC_STRINGS = NO;
				SWIFT_VERSION = 5.0;
				TARGETED_DEVICE_FAMILY = "1,2";
				TEST_TARGET_NAME = "Zupan-VoiceRecognition";
			};
			name = Release;
		};
/* End XCBuildConfiguration section */

/* Begin XCConfigurationList section */
		C2AE74A62A8BC22B00C1341D /* Build configuration list for PBXProject "Zupan-VoiceRecognition" */ = {
			isa = XCConfigurationList;
			buildConfigurations = (
				C2AE74D32A8BC22D00C1341D /* Debug */,
				C2AE74D42A8BC22D00C1341D /* Release */,
			);
			defaultConfigurationIsVisible = 0;
			defaultConfigurationName = Release;
		};
		C2AE74D52A8BC22D00C1341D /* Build configuration list for PBXNativeTarget "Zupan-VoiceRecognition" */ = {
			isa = XCConfigurationList;
			buildConfigurations = (
				C2AE74D62A8BC22D00C1341D /* Debug */,
				C2AE74D72A8BC22D00C1341D /* Release */,
			);
			defaultConfigurationIsVisible = 0;
			defaultConfigurationName = Release;
		};
		C2AE74D82A8BC22D00C1341D /* Build configuration list for PBXNativeTarget "Zupan-VoiceRecognitionTests" */ = {
			isa = XCConfigurationList;
			buildConfigurations = (
				C2AE74D92A8BC22D00C1341D /* Debug */,
				C2AE74DA2A8BC22D00C1341D /* Release */,
			);
			defaultConfigurationIsVisible = 0;
			defaultConfigurationName = Release;
		};
		C2AE74DB2A8BC22D00C1341D /* Build configuration list for PBXNativeTarget "Zupan-VoiceRecognitionUITests" */ = {
			isa = XCConfigurationList;
			buildConfigurations = (
				C2AE74DC2A8BC22D00C1341D /* Debug */,
				C2AE74DD2A8BC22D00C1341D /* Release */,
			);
			defaultConfigurationIsVisible = 0;
			defaultConfigurationName = Release;
		};
/* End XCConfigurationList section */
	};
	rootObject = C2AE74A32A8BC22B00C1341D /* Project object */;
}
